{
  "name": "pluginhub-searcher",
  "version": "1.0.0",
  "lockfileVersion": 3,
  "requires": true,
  "packages": {
    "": {
      "name": "pluginhub-searcher",
      "version": "1.0.0",
      "dependencies": {}
    },
    "node_modules/@antoniomuso/lz4-napi-android-arm-eabi": {
      "version": "2.10.0",
      "resolved": "https://registry.npmjs.org/@antoniomuso/lz4-napi-android-arm-eabi/-/lz4-napi-android-arm-eabi-2.10.0.tgz",
      "integrity": "sha512-BmVivZ5OwdM5IogpqHEKGoMEOJ98ZhIf35cBAKlt5axZR1nCy8X6O8B1noyQZETSXw0901Z/uAx0/23+ulyxuQ==",
      "cpu": [
        "arm"
      ],
      "license": "MIT",
      "optional": true,
      "os": [
        "android"
      ],
      "engines": {
        "node": ">= 10"
      }
    },
    "node_modules/@antoniomuso/lz4-napi-android-arm64": {
      "version": "2.10.0",
      "resolved": "https://registry.npmjs.org/@antoniomuso/lz4-napi-android-arm64/-/lz4-napi-android-arm64-2.10.0.tgz",
      "integrity": "sha512-Oi2nIJvxG0ckK+lQYuuDtBI7mrQoj+glnNp4c19rhm0D0utkuRuI2bzqXOp5uth/IFNlP+W3pepfOCULeydKJw==",
      "cpu": [
        "arm64"
      ],
      "license": "MIT",
      "optional": true,
      "os": [
        "android"
      ],
      "engines": {
        "node": ">= 10"
      }
    },
    "node_modules/@antoniomuso/lz4-napi-darwin-arm64": {
      "version": "2.10.0",
      "resolved": "https://registry.npmjs.org/@antoniomuso/lz4-napi-darwin-arm64/-/lz4-napi-darwin-arm64-2.10.0.tgz",
      "integrity": "sha512-rrP5B4CJkSgHBAZ8jP/xGdXULDjDMF/DiUPxtBdo23CfkIOvf2VYGDF2vWO+1LDFMqlV4Mu4dZWwvOWklP4t4Q==",
      "cpu": [
        "arm64"
      ],
      "license": "MIT",
      "optional": true,
      "os": [
        "darwin"
      ],
      "engines": {
        "node": ">= 10"
      }
    },
    "node_modules/@antoniomuso/lz4-napi-darwin-x64": {
      "version": "2.10.0",
      "resolved": "https://registry.npmjs.org/@antoniomuso/lz4-napi-darwin-x64/-/lz4-napi-darwin-x64-2.10.0.tgz",
      "integrity": "sha512-NytV3XbMC6JCX0uxiYgJV7cTUEWczT6e/rjfnIATsRuOOZLn1nNn1TIpGsAwLPcWoTgBsG0JcvLA1D+t3CLhAQ==",
      "cpu": [
        "x64"
      ],
      "license": "MIT",
      "optional": true,
      "os": [
        "darwin"
      ],
      "engines": {
        "node": ">= 10"
      }
    },
    "node_modules/@antoniomuso/lz4-napi-freebsd-x64": {
      "version": "2.10.0",
      "resolved": "https://registry.npmjs.org/@antoniomuso/lz4-napi-freebsd-x64/-/lz4-napi-freebsd-x64-2.10.0.tgz",
      "integrity": "sha512-CB7u672akKGZJr0MgH9qrBjcTRRf0yyPCBD0HjSChx+GfKJtQrMXEWLO68X+gTPjnlceywyqmzDA/t6zOavSYw==",
      "cpu": [
        "x64"
      ],
      "license": "MIT",
      "optional": true,
      "os": [
        "freebsd"
      ],
      "engines": {
        "node": ">= 10"
      }
    },
    "node_modules/@antoniomuso/lz4-napi-linux-arm-gnueabihf": {
      "version": "2.10.0",
      "resolved": "https://registry.npmjs.org/@antoniomuso/lz4-napi-linux-arm-gnueabihf/-/lz4-napi-linux-arm-gnueabihf-2.10.0.tgz",
      "integrity": "sha512-fjUVOWP0YYiaqXsrNAXa5pxdf+C6ql0sJFOZ/LZeID6fx8qle/+zjpJOYK/vE4dFOfxYFpMWXFYr+M/DfFhUdQ==",
      "cpu": [
        "arm"
      ],
      "license": "MIT",
      "optional": true,
      "os": [
        "linux"
      ],
      "engines": {
        "node": ">= 10"
      }
    },
    "node_modules/@antoniomuso/lz4-napi-linux-arm64-gnu": {
      "version": "2.10.0",
      "resolved": "https://registry.npmjs.org/@antoniomuso/lz4-napi-linux-arm64-gnu/-/lz4-napi-linux-arm64-gnu-2.10.0.tgz",
      "integrity": "sha512-Ai0MfalUR4par5YI0AciKUUGCuMeshU3KLzaCavEgA3VHc//fU37VrbmzU/SgNjcJzdKFB9d3JZZAAe2wZ1tSQ==",
      "cpu": [
        "arm64"
      ],
      "license": "MIT",
      "optional": true,
      "os": [
        "linux"
      ],
      "engines": {
        "node": ">= 10"
      }
    },
    "node_modules/@antoniomuso/lz4-napi-linux-arm64-musl": {
      "version": "2.10.0",
      "resolved": "https://registry.npmjs.org/@antoniomuso/lz4-napi-linux-arm64-musl/-/lz4-napi-linux-arm64-musl-2.10.0.tgz",
      "integrity": "sha512-LNUlCFiTfYUstWcpNP2op9tf6RfxWlB1LmkdGfUvt/L4xgagktDnDy6Bii+ErZfocQ/M8hUDJnA57c4a/uax4A==",
      "cpu": [
        "arm64"
      ],
      "license": "MIT",
      "optional": true,
      "os": [
        "linux"
      ],
      "engines": {
        "node": ">= 10"
      }
    },
    "node_modules/@antoniomuso/lz4-napi-linux-ppc64-gnu": {
      "version": "2.10.0",
      "resolved": "https://registry.npmjs.org/@antoniomuso/lz4-napi-linux-ppc64-gnu/-/lz4-napi-linux-ppc64-gnu-2.10.0.tgz",
      "integrity": "sha512-gNTGuwI2aYp+yNvFZe60iKVv/whfhTK3d3n8kbP0WG8nLvfka+wIch67aQM3G4eqB/KlS7fLAJdCvVC5x4CQWw==",
      "cpu": [
        "ppc64"
      ],
      "license": "MIT",
      "optional": true,
      "os": [
        "linux"
      ],
      "engines": {
        "node": ">= 10"
      }
    },
    "node_modules/@antoniomuso/lz4-napi-linux-riscv64-gnu": {
      "version": "2.10.0",
      "resolved": "https://registry.npmjs.org/@antoniomuso/lz4-napi-linux-riscv64-gnu/-/lz4-napi-linux-riscv64-gnu-2.10.0.tgz",
      "integrity": "sha512-mHh5I55EtfFxS82Cm+HyGt6XezvBVDZV406qvS80FxEhHP4yNititbaGd/uGJ8Hr0+Fh4TDKPyiDZps19FJEoQ==",
      "cpu": [
        "riscv64"
      ],
      "license": "MIT",
      "optional": true,
      "os": [
        "linux"
      ],
      "engines": {
        "node": ">= 10"
      }
    },
    "node_modules/@antoniomuso/lz4-napi-linux-s390x-gnu": {
      "version": "2.10.0",
      "resolved": "https://registry.npmjs.org/@antoniomuso/lz4-napi-linux-s390x-gnu/-/lz4-napi-linux-s390x-gnu-2.10.0.tgz",
      "integrity": "sha512-CVR4x8W5EqypGKsK2ffGxvtDz5NCUN6fx4jQPEMhL6LR66uc8TxKtYzlF+hvQnuVkN3Va+NwTGCurJS9CVPGFA==",
      "cpu": [
        "s390x"
      ],
      "license": "MIT",
      "optional": true,
      "os": [
        "linux"
      ],
      "engines": {
        "node": ">= 10"
      }
    },
    "node_modules/@antoniomuso/lz4-napi-linux-x64-gnu": {
      "version": "2.10.0",
      "resolved": "https://registry.npmjs.org/@antoniomuso/lz4-napi-linux-x64-gnu/-/lz4-napi-linux-x64-gnu-2.10.0.tgz",
      "integrity": "sha512-UQQZephsIQrEbMM+Wp7SKYUqVR9DJLCMkZkOoLU9DDf2Ctvy6jXuqQoFF3ajh/mPh8gFp/s1WEcnUO8IRBiDpw==",
      "cpu": [
        "x64"
      ],
      "license": "MIT",
      "optional": true,
      "os": [
        "linux"
      ],
      "engines": {
        "node": ">= 10"
      }
    },
    "node_modules/@antoniomuso/lz4-napi-linux-x64-musl": {
      "version": "2.10.0",
      "resolved": "https://registry.npmjs.org/@antoniomuso/lz4-napi-linux-x64-musl/-/lz4-napi-linux-x64-musl-2.10.0.tgz",
      "integrity": "sha512-f30AGLcOsyiQU0EuWYmCZGID/6vcr/1scKaQ2G90QBJ/8aTWTwRDZGT7NPOE6mJ71ioI/ZLJGHiytjbiPjZfng==",
      "cpu": [
        "x64"
      ],
      "license": "MIT",
      "optional": true,
      "os": [
        "linux"
      ],
      "engines": {
        "node": ">= 10"
      }
    },
    "node_modules/@antoniomuso/lz4-napi-openharmony-arm64": {
      "version": "2.10.0",
      "resolved": "https://registry.npmjs.org/@antoniomuso/lz4-napi-openharmony-arm64/-/lz4-napi-openharmony-arm64-2.10.0.tgz",
      "integrity": "sha512-LUrHBJcnHqKsCyt0LvgsrRij5VWHXtwUQyJZT+kXSfkW+snIqKqVzucFpMHETFDKQNkMTsmHruVV/UEBbYuw/A==",
      "cpu": [
        "arm64"
      ],
      "license": "MIT",
      "optional": true,
      "os": [
        "openharmony"
      ],
      "engines": {
        "node": ">= 10"
      }
    },
    "node_modules/@antoniomuso/lz4-napi-win32-arm64-msvc": {
      "version": "2.10.0",
      "resolved": "https://registry.npmjs.org/@antoniomuso/lz4-napi-win32-arm64-msvc/-/lz4-napi-win32-arm64-msvc-2.10.0.tgz",
      "integrity": "sha512-6k8Qu3V8fq4QbHS6vPQy8fggOvTUMQsVZP+WZBUMrG6A4ZPiMmPfFF+xJfLJCnOoijkBdRSiS1Y9oEv84lFPDw==",
      "cpu": [
        "arm64"
      ],
      "license": "MIT",
      "optional": true,
      "os": [
        "win32"
      ],
      "engines": {
        "node": ">= 10"
      }
    },
    "node_modules/@antoniomuso/lz4-napi-win32-ia32-msvc": {
      "version": "2.10.0",
      "resolved": "https://registry.npmjs.org/@antoniomuso/lz4-napi-win32-ia32-msvc/-/lz4-napi-win32-ia32-msvc-2.10.0.tgz",
      "integrity": "sha512-5zKO7JdZXM/GL5XuTufwtIc3OVLhbRC/5PkcY4XmpU/IjUm4P9OkBAPNqBTgFfZbDc7eCigf92UcPLEk1PIShg==",
      "cpu": [
        "ia32"
      ],
      "license": "MIT",
      "optional": true,
      "os": [
        "win32"
      ],
      "engines": {
        "node": ">= 10"
      }
    },
    "node_modules/@antoniomuso/lz4-napi-win32-x64-msvc": {
      "version": "2.10.0",
      "resolved": "https://registry.npmjs.org/@antoniomuso/lz4-napi-win32-x64-msvc/-/lz4-napi-win32-x64-msvc-2.10.0.tgz",
      "integrity": "sha512-YC15uBJQdkXtPpu0JXozeEAO+b4LVjo2gOWKsPNmhNGhtkIAnKJZo+ueO6KNaFx4W6H2DQyAEiP1DsoBND26fw==",
      "cpu": [
        "x64"
      ],
      "license": "MIT",
      "optional": true,
      "os": [
        "win32"
      ],
      "engines": {
        "node": ">= 10"
      }
    },
    "node_modules/@tootallnate/lz4": {
      "version": "0.0.2",
      "resolved": "https://registry.npmjs.org/@tootallnate/lz4/-/lz4-0.0.2.tgz",
      "integrity": "sha512-/+GWgQ184OGk3FPJ4b/DJm11WNMa492+eIN6JWbGJEX1dcnpED0oM9SlvxNWJcpimaMUjaf20cTlmNSWHkeDCQ==",
      "license": "MIT"
    },
    "node_modules/lz4-napi": {
      "version": "2.10.0",
      "resolved": "https://registry.npmjs.org/lz4-napi/-/lz4-napi-2.10.0.tgz",
      "integrity": "sha512-NEW7rrcRA+6928P2X9IB4TCeHXT1VKTz63+lmiKkWBMORI2OtenveC+DsqtYfWMZZ52gULHcon5Z7QgXvDpRHg==",
      "license": "MIT",
      "engines": {
        "node": ">= 18"
      },
      "optionalDependencies": {
        "@antoniomuso/lz4-napi-android-arm-eabi": "2.10.0",
        "@antoniomuso/lz4-napi-android-arm64": "2.10.0",
        "@antoniomuso/lz4-napi-darwin-arm64": "2.10.0",
        "@antoniomuso/lz4-napi-darwin-x64": "2.10.0",
        "@antoniomuso/lz4-napi-freebsd-x64": "2.10.0",
        "@antoniomuso/lz4-napi-linux-arm-gnueabihf": "2.10.0",
        "@antoniomuso/lz4-napi-linux-arm64-gnu": "2.10.0",
        "@antoniomuso/lz4-napi-linux-arm64-musl": "2.10.0",
        "@antoniomuso/lz4-napi-linux-ppc64-gnu": "2.10.0",
        "@antoniomuso/lz4-napi-linux-riscv64-gnu": "2.10.0",
        "@antoniomuso/lz4-napi-linux-s390x-gnu": "2.10.0",
        "@antoniomuso/lz4-napi-linux-x64-gnu": "2.10.0",
        "@antoniomuso/lz4-napi-linux-x64-musl": "2.10.0",
        "@antoniomuso/lz4-napi-openharmony-arm64": "2.10.0",
        "@antoniomuso/lz4-napi-win32-arm64-msvc": "2.10.0",
        "@antoniomuso/lz4-napi-win32-ia32-msvc": "2.10.0",
        "@antoniomuso/lz4-napi-win32-x64-msvc": "2.10.0"
      }
    }
  }
}
